hash: 71285f173ff5a247d98877fe9079462e17d5fdf2e98d4f7c20bd8a625ffca727
updated: 2017-09-24T17:21:34.123708456-04:00
imports:
- name: github.com/coocood/freecache
  version: a47e26eb67ac2657e4b5a62b1975bb2b65e0b8b3
- name: github.com/fabioberger/airtable-go
  version: 3f8d9b3252f119b0012bc15a044dd92e3eafaa56
  subpackages:
  - utils
- name: github.com/spaolacci/murmur3
  version: 9f5d223c60793748f04a9d5b4b4eacddfc1f755d
testImports: []
