# This file is autogenerated, do not edit; changes may be undone by the next 'dep ensure'.


[[projects]]
  name = "github.com/coocood/freecache"
  packages = ["."]
  revision = "a47e26eb67ac2657e4b5a62b1975bb2b65e0b8b3"
  version = "v1.0"

[[projects]]
  name = "github.com/fabioberger/airtable-go"
  packages = [
    ".",
    "utils"
  ]
  revision = "3f8d9b3252f119b0012bc15a044dd92e3eafaa56"
  version = "v3.1.0"

[[projects]]
  name = "github.com/spaolacci/murmur3"
  packages = ["."]
  revision = "9f5d223c60793748f04a9d5b4b4eacddfc1f755d"
  version = "v1.1"

[solve-meta]
  analyzer-name = "dep"
  analyzer-version = 1
  inputs-digest = "f6ef7ec7f7f41463414f378349938d992f417216a0e84573da95e4386f0dbdb7"
  solver-name = "gps-cdcl"
  solver-version = 1
